
Microsoft Visual Studio Solution File, Format Version 12.00
# Visual Studio Version 16
VisualStudioVersion = 16.0.33423.256
MinimumVisualStudioVersion = 10.0.40219.1
Project("{FAE04EC0-301F-11D3-BF4B-00C04F79EFBC}") = "Facebook desktop", "Facebook desktop.csproj", "{CAA6293B-17A1-452D-966C-383A9249CBA2}"
EndProject
Global
	GlobalSection(SolutionConfigurationPlatforms) = preSolution
		Debug|Any CPU = Debug|Any CPU
		Release|Any CPU = Release|Any CPU
	EndGlobalSection
	GlobalSection(ProjectConfigurationPlatforms) = postSolution
		{CAA6293B-17A1-452D-966C-383A9249CBA2}.Debug|Any CPU.ActiveCfg = Debug|Any CPU
		{CAA6293B-17A1-452D-966C-383A9249CBA2}.Debug|Any CPU.Build.0 = Debug|Any CPU
		{CAA6293B-17A1-452D-966C-383A9249CBA2}.Release|Any CPU.ActiveCfg = Release|Any CPU
		{CAA6293B-17A1-452D-966C-383A9249CBA2}.Release|Any CPU.Build.0 = Release|Any CPU
	EndGlobalSection
	GlobalSection(SolutionProperties) = preSolution
		HideSolutionNode = FALSE
	EndGlobalSection
	GlobalSection(ExtensibilityGlobals) = postSolution
		SolutionGuid = {9AF3F200-E2AE-4F65-AF6C-0D3850E4DAE7}
	EndGlobalSection
EndGlobal
